Microsoft Visual Studio Solution File, Format Version 12.00
# Visual Studio Version 17
VisualStudioVersion = 17.5.2.0
MinimumVisualStudioVersion = 10.0.40219.1
Project("{FAE04EC0-301F-11D3-BF4B-00C04F79EFBC}") = "legal-contracts-back", "legal-contracts-back\legal-contracts-back.csproj", "{379470A0-C49B-2561-AD8E-E26EBCCFE304}"
EndProject
Project("{FAE04EC0-301F-11D3-BF4B-00C04F79EFBC}") = "legal-contracts-back.Tests", "legal-contracts-back.Tests\legal-contracts-back.Tests.csproj", "{D81EDEDE-2161-4002-9A78-B61D81AB3F99}"
EndProject
Global
	GlobalSection(SolutionConfigurationPlatforms) = preSolution
		Debug|Any CPU = Debug|Any CPU
		Release|Any CPU = Release|Any CPU
	EndGlobalSection
	GlobalSection(ProjectConfigurationPlatforms) = postSolution
		{379470A0-C49B-2561-AD8E-E26EBCCFE304}.Debug|Any CPU.ActiveCfg = Debug|Any CPU
		{379470A0-C49B-2561-AD8E-E26EBCCFE304}.Debug|Any CPU.Build.0 = Debug|Any CPU
		{379470A0-C49B-2561-AD8E-E26EBCCFE304}.Release|Any CPU.ActiveCfg = Release|Any CPU
		{379470A0-C49B-2561-AD8E-E26EBCCFE304}.Release|Any CPU.Build.0 = Release|Any CPU
		{D81EDEDE-2161-4002-9A78-B61D81AB3F99}.Debug|Any CPU.ActiveCfg = Debug|Any CPU
		{D81EDEDE-2161-4002-9A78-B61D81AB3F99}.Debug|Any CPU.Build.0 = Debug|Any CPU
		{D81EDEDE-2161-4002-9A78-B61D81AB3F99}.Release|Any CPU.ActiveCfg = Release|Any CPU
		{D81EDEDE-2161-4002-9A78-B61D81AB3F99}.Release|Any CPU.Build.0 = Release|Any CPU
	EndGlobalSection
	GlobalSection(SolutionProperties) = preSolution
		HideSolutionNode = FALSE
	EndGlobalSection
	GlobalSection(ExtensibilityGlobals) = postSolution
		SolutionGuid = {24DEF293-D494-45BE-8C99-34ED517F1644}
	EndGlobalSection
EndGlobal
